<?xml version="1.0" encoding="utf-8"?>
<Project ToolsVersion="4.0" xmlns="http://schemas.microsoft.com/developer/msbuild/2003">
  <ItemGroup>
    <Filter Include="RA3">
      <UniqueIdentifier>{4FC737F1-C7A5-4376-A066-2A32D752A2FF}</UniqueIdentifier>
      <Extensions>cpp;c;cc;cxx;c++;cppm;ixx;def;odl;idl;hpj;bat;asm;asmx</Extensions>
    </Filter>
    <Filter Include="Logger">
      <UniqueIdentifier>{23156d01-b364-4dde-8ac0-f04cc4a103e1}</UniqueIdentifier>
    </Filter>
    <Filter Include="Menu">
      <UniqueIdentifier>{33171288-38ef-43b0-b078-d2c4a9842a7e}</UniqueIdentifier>
    </Filter>
    <Filter Include="Drawing">
      <UniqueIdentifier>{fb933d85-a5b8-4b9a-b891-fd6dd7b860d7}</UniqueIdentifier>
    </Filter>
  </ItemGroup>
  <ItemGroup>
    <ClCompile Include="ra3.cpp">
      <Filter>RA3</Filter>
    </ClCompile>
    <ClCompile Include="dllmain.cpp" />
    <ClCompile Include="logger.cpp">
      <Filter>Logger</Filter>
    </ClCompile>
    <ClCompile Include="menu.cpp">
      <Filter>Menu</Filter>
    </ClCompile>
    <ClCompile Include="drawing.cpp">
      <Filter>Drawing</Filter>
    </ClCompile>
  </ItemGroup>
  <ItemGroup>
    <ClInclude Include="ra3.h">
      <Filter>RA3</Filter>
    </ClInclude>
    <ClInclude Include="stdafx.h" />
    <ClInclude Include="logger.h">
      <Filter>Logger</Filter>
    </ClInclude>
    <ClInclude Include="menu.h">
      <Filter>Menu</Filter>
    </ClInclude>
    <ClInclude Include="drawing.h">
      <Filter>Drawing</Filter>
    </ClInclude>
  </ItemGroup>
</Project>